{
  "name": "aizanoi-analytics-qa",
  "version": "0.0.0",
  "lockfileVersion": 3,
  "requires": true,
  "packages": {
    "": {
      "name": "aizanoi-analytics-qa",
      "version": "0.0.0",
      "devDependencies": {
        "axe-core": "4.13.0",
        "lighthouse": "13.5.0",
        "playwright": "1.62.1"
      },
      "engines": {
        "node": ">=22"
      }
    },
    "node_modules/@paulirish/trace_engine": {
      "version": "0.0.65",
      "resolved": "https://registry.npmjs.org/@paulirish/trace_engine/-/trace_engine-0.0.65.tgz",
      "dev": true
    },
    "node_modules/@sentry/node": {
      "version": "10.72.0",
      "resolved": "https://registry.npmjs.org/@sentry/node/-/node-10.72.0.tgz",
      "dev": true
    },
    "node_modules/ajv": {
      "version": "8.20.0",
      "resolved": "https://registry.npmjs.org/ajv/-/ajv-8.20.0.tgz",
      "integrity": "sha512-Thbli+OlOj+iMPYFBVBfJ3OmCAnaSyNn4M1vz9T6Gka5Jt9ba/HIR56joy65tY6kx/FCF5VXNB819Y7/GUrBGA==",
      "dev": true,
      "license": "MIT",
      "dependencies": {
        "fast-deep-equal": "^3.1.3",
        "fast-uri": "^3.0.1",
        "json-schema-traverse": "^1.0.0",
        "require-from-string": "^2.0.2"
      },
      "funding": {
        "type": "github",
        "url": "https://github.com/sponsors/epoberezkin"
      }
    },
    "node_modules/ajv-formats": {
      "version": "3.0.1",
      "resolved": "https://registry.npmjs.org/ajv-formats/-/ajv-formats-3.0.1.tgz",
      "integrity": "sha512-8iUql50EUR+uUcdRQ3HDqa6EVyo3docL8g5WJ3FNcWmu62IbkGUue/pEyLBW8VGKKucTPgqeks4fIU1DA4yowQ==",
      "dev": true,
      "license": "MIT",
      "dependencies": {
        "ajv": "^8.0.0"
      },
      "peerDependencies": {
        "ajv": "^8.0.0"
      },
      "peerDependenciesMeta": {
        "ajv": {
          "optional": true
        }
      }
    },
    "node_modules/axe-core": {
      "version": "4.13.0",
      "resolved": "https://registry.npmjs.org/axe-core/-/axe-core-4.13.0.tgz",
      "dev": true
    },
    "node_modules/chrome-launcher": {
      "version": "1.2.1",
      "resolved": "https://registry.npmjs.org/chrome-launcher/-/chrome-launcher-1.2.1.tgz",
      "dev": true
    },
    "node_modules/configstore": {
      "version": "7.1.0",
      "resolved": "https://registry.npmjs.org/configstore/-/configstore-7.1.0.tgz",
      "dev": true
    },
    "node_modules/csp_evaluator": {
      "version": "1.1.8",
      "resolved": "https://registry.npmjs.org/csp_evaluator/-/csp_evaluator-1.1.8.tgz",
      "dev": true
    },
    "node_modules/devtools-protocol": {
      "version": "0.0.1687809",
      "resolved": "https://registry.npmjs.org/devtools-protocol/-/devtools-protocol-0.0.1687809.tgz",
      "integrity": "sha512-t7kSb+UKYdyxcmqy98U2P86ne6rCve3DIJ4+lp54i/hhClgFuG35JrLj23rO14Jw3sWDsp7i+22QhNU0+/qk8g==",
      "dev": true,
      "license": "BSD-3-Clause"
    },
    "node_modules/enquirer": {
      "version": "2.4.1",
      "resolved": "https://registry.npmjs.org/enquirer/-/enquirer-2.4.1.tgz",
      "dev": true
    },
    "node_modules/fast-deep-equal": {
      "version": "3.1.3",
      "resolved": "https://registry.npmjs.org/fast-deep-equal/-/fast-deep-equal-3.1.3.tgz",
      "integrity": "sha512-f3qQ9oQy9j2AhBe/H9VC91wLmKBCCU/gDOnKNAYG5hswO7BLKj09Hc5HYNz9cGI++xlpDCIgDaitVs03ATR84Q==",
      "dev": true,
      "license": "MIT"
    },
    "node_modules/fast-uri": {
      "version": "3.1.8",
      "resolved": "https://registry.npmjs.org/fast-uri/-/fast-uri-3.1.8.tgz",
      "integrity": "sha512-GZMtZUTNRpOVIECoXwLNZS5xUGE+mVNbTB8h/7Rwh2TFWcBQiPzTgyZi05BF9UMZKkLJv8XBRJTlU7zg8+ZfMg==",
      "dev": true,
      "funding": [
        {
          "type": "github",
          "url": "https://github.com/sponsors/fastify"
        },
        {
          "type": "opencollective",
          "url": "https://opencollective.com/fastify"
        }
      ],
      "license": "BSD-3-Clause"
    },
    "node_modules/http-link-header": {
      "version": "1.1.4",
      "resolved": "https://registry.npmjs.org/http-link-header/-/http-link-header-1.1.4.tgz",
      "dev": true
    },
    "node_modules/intl-messageformat": {
      "version": "10.7.18",
      "resolved": "https://registry.npmjs.org/intl-messageformat/-/intl-messageformat-10.7.18.tgz",
      "dev": true
    },
    "node_modules/jpeg-js": {
      "version": "0.4.4",
      "resolved": "https://registry.npmjs.org/jpeg-js/-/jpeg-js-0.4.4.tgz",
      "dev": true
    },
    "node_modules/js-library-detector": {
      "version": "6.7.0",
      "resolved": "https://registry.npmjs.org/js-library-detector/-/js-library-detector-6.7.0.tgz",
      "dev": true
    },
    "node_modules/json-schema-traverse": {
      "version": "1.0.0",
      "resolved": "https://registry.npmjs.org/json-schema-traverse/-/json-schema-traverse-1.0.0.tgz",
      "integrity": "sha512-NM8/P9n3XjXhIZn1lLhkFaACTOURQXjWhV4BA/RnOv8xvgqtqpAX9IO4mRQxSx1Rlo4tqzeqb0sOlruaOy3dug==",
      "dev": true,
      "license": "MIT"
    },
    "node_modules/lighthouse": {
      "version": "13.5.0",
      "resolved": "https://registry.npmjs.org/lighthouse/-/lighthouse-13.5.0.tgz",
      "integrity": "sha512-w/yYIwg7mP9pCwkcbAXRztnvKHua2dJnZaNptPLa1cEw+akr6lbsIDiUOLsQwvaiAUr0xvxdmwvAzl3pj3Np0A==",
      "dev": true,
      "license": "Apache-2.0",
      "dependencies": {
        "@paulirish/trace_engine": "0.0.65",
        "@sentry/node": "^10.0.0",
        "ajv": "^8.20.0",
        "ajv-formats": "^3.0.1",
        "axe-core": "^4.13.0",
        "chrome-launcher": "^1.2.1",
        "configstore": "^7.0.0",
        "csp_evaluator": "1.1.8",
        "devtools-protocol": "0.0.1687809",
        "enquirer": "^2.3.6",
        "http-link-header": "^1.1.1",
        "intl-messageformat": "^10.5.3",
        "jpeg-js": "^0.4.4",
        "js-library-detector": "^6.7.0",
        "lighthouse-logger": "^2.0.2",
        "lighthouse-stack-packs": "1.12.3",
        "lodash-es": "^4.17.21",
        "lookup-closest-locale": "6.2.0",
        "open": "^8.4.0",
        "puppeteer-core": "^25.9.0",
        "robots-parser": "^3.0.1",
        "speedline-core": "^1.4.3",
        "third-party-web": "^0.30.0",
        "tldts-icann": "^7.4.13",
        "web-features": "^3.39.0",
        "ws": "^7.0.0",
        "yargs": "^17.3.1",
        "yargs-parser": "^21.0.0"
      },
      "bin": {
        "chrome-debug": "core/scripts/manual-chrome-launcher.js",
        "lighthouse": "cli/index.js",
        "smokehouse": "cli/test/smokehouse/frontends/smokehouse-bin.js"
      },
      "engines": {
        "node": ">=22.19"
      }
    },
    "node_modules/lighthouse-logger": {
      "version": "2.0.2",
      "resolved": "https://registry.npmjs.org/lighthouse-logger/-/lighthouse-logger-2.0.2.tgz",
      "dev": true
    },
    "node_modules/lighthouse-stack-packs": {
      "version": "1.12.3",
      "resolved": "https://registry.npmjs.org/lighthouse-stack-packs/-/lighthouse-stack-packs-1.12.3.tgz",
      "dev": true
    },
    "node_modules/lodash-es": {
      "version": "4.18.1",
      "resolved": "https://registry.npmjs.org/lodash-es/-/lodash-es-4.18.1.tgz",
      "dev": true
    },
    "node_modules/lookup-closest-locale": {
      "version": "6.2.0",
      "resolved": "https://registry.npmjs.org/lookup-closest-locale/-/lookup-closest-locale-6.2.0.tgz",
      "dev": true
    },
    "node_modules/open": {
      "version": "8.4.2",
      "resolved": "https://registry.npmjs.org/open/-/open-8.4.2.tgz",
      "dev": true
    },
    "node_modules/playwright": {
      "version": "1.62.1",
      "resolved": "https://registry.npmjs.org/playwright/-/playwright-1.62.1.tgz",
      "dev": true,
      "bin": {
        "playwright": "cli.js"
      }
    },
    "node_modules/puppeteer-core": {
      "version": "25.9.0",
      "resolved": "https://registry.npmjs.org/puppeteer-core/-/puppeteer-core-25.9.0.tgz",
      "dev": true
    },
    "node_modules/require-from-string": {
      "version": "2.0.2",
      "resolved": "https://registry.npmjs.org/require-from-string/-/require-from-string-2.0.2.tgz",
      "integrity": "sha512-Xf0nWe6RseziFMu+Ap9biiUbmplq6S9/p+7w7YXP/JBHhrUDDUhwa+vANyubuqfZWTveU//DYVGsDG7RKL/vEw==",
      "dev": true,
      "license": "MIT",
      "engines": {
        "node": ">=0.10.0"
      }
    },
    "node_modules/robots-parser": {
      "version": "3.0.1",
      "resolved": "https://registry.npmjs.org/robots-parser/-/robots-parser-3.0.1.tgz",
      "dev": true
    },
    "node_modules/speedline-core": {
      "version": "1.4.3",
      "resolved": "https://registry.npmjs.org/speedline-core/-/speedline-core-1.4.3.tgz",
      "dev": true
    },
    "node_modules/third-party-web": {
      "version": "0.30.0",
      "resolved": "https://registry.npmjs.org/third-party-web/-/third-party-web-0.30.0.tgz",
      "integrity": "sha512-p+PfyL5U0ediGzvwPzMSdD9MnC8rHW6nWJJVLIQvqN7RsSqfaZ+7n4c9GILqH36EYR0eXB9CzAeCRnKFr/9uJg==",
      "dev": true,
      "license": "MIT"
    },
    "node_modules/tldts-core": {
      "version": "7.4.13",
      "resolved": "https://registry.npmjs.org/tldts-core/-/tldts-core-7.4.13.tgz",
      "integrity": "sha512-mbYsrih5FRtGxs3Usvl/PqwJsNpp+jsmrdFviiK02teHDG0/HebBG/pqCylje3kzgXYzuLoHJF/0mz9W53t8Xg==",
      "dev": true,
      "license": "MIT"
    },
    "node_modules/tldts-icann": {
      "version": "7.4.13",
      "resolved": "https://registry.npmjs.org/tldts-icann/-/tldts-icann-7.4.13.tgz",
      "integrity": "sha512-UTJXb538oP4wCyAcAE4RawUjw87qZFJ8BEob++0goalyg40zX5iP7L0mbXx3EnG1jrAsz+WDUAK613MtF0nUPA==",
      "dev": true,
      "license": "MIT",
      "dependencies": {
        "tldts-core": "^7.4.13"
      }
    },
    "node_modules/web-features": {
      "version": "3.39.0",
      "resolved": "https://registry.npmjs.org/web-features/-/web-features-3.39.0.tgz",
      "integrity": "sha512-4DgSV2sNjlLMZg1XqaKceUhbKfdUPOXQ63v9XdKOv0EOB4zBIfNh16tvrxlTFAL21HIOxtk2/e+49uBK9WF+xg==",
      "dev": true,
      "license": "Apache-2.0"
    },
    "node_modules/ws": {
      "version": "7.5.13",
      "resolved": "https://registry.npmjs.org/ws/-/ws-7.5.13.tgz",
      "dev": true
    },
    "node_modules/yargs": {
      "version": "17.7.3",
      "resolved": "https://registry.npmjs.org/yargs/-/yargs-17.7.3.tgz",
      "dev": true
    },
    "node_modules/yargs-parser": {
      "version": "21.1.1",
      "resolved": "https://registry.npmjs.org/yargs-parser/-/yargs-parser-21.1.1.tgz",
      "dev": true
    }
  }
}
