{
  "name": "aizanoi-analytics-qa",
  "version": "0.0.0",
  "lockfileVersion": 3,
  "requires": true,
  "packages": {
    "": {
      "name": "aizanoi-analytics-qa",
      "version": "0.0.0",
      "dependencies": {
        "playwright-core": "^1.62.1"
      },
      "devDependencies": {
        "axe-core": "4.13.0",
        "lighthouse": "13.4.1",
        "playwright": "1.62.1"
      },
      "engines": {
        "node": ">=22"
      }
    },
    "node_modules/axe-core": {
      "version": "4.13.0",
      "resolved": "https://registry.npmjs.org/axe-core/-/axe-core-4.13.0.tgz",
      "dev": true
    },
    "node_modules/lighthouse": {
      "version": "13.4.1",
      "resolved": "https://registry.npmjs.org/lighthouse/-/lighthouse-13.4.1.tgz",
      "dev": true,
      "bin": {
        "chrome-debug": "core/scripts/manual-chrome-launcher.js",
        "lighthouse": "cli/index.js",
        "smokehouse": "cli/test/smokehouse/frontends/smokehouse-bin.js"
      }
    },
    "node_modules/playwright": {
      "version": "1.62.1",
      "resolved": "https://registry.npmjs.org/playwright/-/playwright-1.62.1.tgz",
      "dev": true,
      "bin": {
        "playwright": "cli.js"
      }
    },
    "node_modules/playwright-core": {
      "version": "1.62.1",
      "resolved": "https://registry.npmjs.org/playwright-core/-/playwright-core-1.62.1.tgz",
      "integrity": "sha512-wPYSwEBJY9GHraISXqyqtx0na0LpO3XEX7jNDhntbex7tzUS7kLnZsOlFruFJB4Hi/rhDMjXGqHewDZ68nYZVw==",
      "license": "Apache-2.0",
      "bin": {
        "playwright-core": "cli.js"
      },
      "engines": {
        "node": ">=20"
      }
    }
  }
}
