{"name":"aizanoi-analytics-qa","version":"0.0.0","lockfileVersion":3,"requires":true,"packages":{"":{"name":"aizanoi-analytics-qa","version":"0.0.0","devDependencies":{"axe-core":"4.10.3","lighthouse":"13.4.1","playwright":"1.62.1"},"engines":{"node":">=22"}},"node_modules/@formatjs/ecma402-abstract":{"version":"2.3.6","resolved":"https://registry.npmjs.org/@formatjs/ecma402-abstract/-/ecma402-abstract-2.3.6.tgz"},"node_modules/@formatjs/fast-memoize":{"version":"2.2.7","resolved":"https://registry.npmjs.org/@formatjs/fast-memoize/-/fast-memoize-2.2.7.tgz"},"node_modules/@formatjs/icu-messageformat-parser":{"version":"2.11.4","resolved":"https://registry.npmjs.org/@formatjs/icu-messageformat-parser/-/icu-messageformat-parser-2.11.4.tgz"},"node_modules/@formatjs/icu-skeleton-parser":{"version":"1.8.16","resolved":"https://registry.npmjs.org/@formatjs/icu-skeleton-parser/-/icu-skeleton-parser-1.8.16.tgz"},"node_modules/@formatjs/intl-localematcher":{"version":"0.6.2","resolved":"https://registry.npmjs.org/@formatjs/intl-localematcher/-/intl-localematcher-0.6.2.tgz"},"node_modules/@opentelemetry/api":{"version":"1.9.1","resolved":"https://registry.npmjs.org/@opentelemetry/api/-/api-1.9.1.tgz"},"node_modules/@opentelemetry/api-logs":{"version":"0.220.0","resolved":"https://registry.npmjs.org/@opentelemetry/api-logs/-/api-logs-0.220.0.tgz"},"node_modules/@opentelemetry/core":{"version":"2.10.0","resolved":"https://registry.npmjs.org/@opentelemetry/core/-/core-2.10.0.tgz"},"node_modules/@opentelemetry/instrumentation":{"version":"0.220.0","resolved":"https://registry.npmjs.org/@opentelemetry/instrumentation/-/instrumentation-0.220.0.tgz"},"node_modules/@opentelemetry/resources":{"version":"2.10.0","resolved":"https://registry.npmjs.org/@opentelemetry/resources/-/resources-2.10.0.tgz"},"node_modules/@opentelemetry/sdk-trace":{"version":"2.10.0","resolved":"https://registry.npmjs.org/@opentelemetry/sdk-trace/-/sdk-trace-2.10.0.tgz"},"node_modules/@opentelemetry/sdk-trace-base":{"version":"2.10.0","resolved":"https://registry.npmjs.org/@opentelemetry/sdk-trace-base/-/sdk-trace-base-2.10.0.tgz"},"node_modules/@opentelemetry/semantic-conventions":{"version":"1.43.0","resolved":"https://registry.npmjs.org/@opentelemetry/semantic-conventions/-/semantic-conventions-1.43.0.tgz"},"node_modules/@paulirish/trace_engine":{"version":"0.0.65","resolved":"https://registry.npmjs.org/@paulirish/trace_engine/-/trace_engine-0.0.65.tgz"},"node_modules/@puppeteer/browsers":{"version":"3.2.1","resolved":"https://registry.npmjs.org/@puppeteer/browsers/-/browsers-3.2.1.tgz"},"node_modules/@puppeteer/browsers/node_modules/ansi-regex":{"version":"6.3.0","resolved":"https://registry.npmjs.org/ansi-regex/-/ansi-regex-6.3.0.tgz"},"node_modules/@puppeteer/browsers/node_modules/ansi-styles":{"version":"6.2.3","resolved":"https://registry.npmjs.org/ansi-styles/-/ansi-styles-6.2.3.tgz"},"node_modules/@puppeteer/browsers/node_modules/cliui":{"version":"9.0.1","resolved":"https://registry.npmjs.org/cliui/-/cliui-9.0.1.tgz"},"node_modules/@puppeteer/browsers/node_modules/cliui/node_modules/string-width":{"version":"7.2.0","resolved":"https://registry.npmjs.org/string-width/-/string-width-7.2.0.tgz"},"node_modules/@puppeteer/browsers/node_modules/emoji-regex":{"version":"10.6.0","resolved":"https://registry.npmjs.org/emoji-regex/-/emoji-regex-10.6.0.tgz"},"node_modules/@puppeteer/browsers/node_modules/string-width":{"version":"8.2.2","resolved":"https://registry.npmjs.org/string-width/-/string-width-8.2.2.tgz"},"node_modules/@puppeteer/browsers/node_modules/strip-ansi":{"version":"7.2.0","resolved":"https://registry.npmjs.org/strip-ansi/-/strip-ansi-7.2.0.tgz"},"node_modules/@puppeteer/browsers/node_modules/wrap-ansi":{"version":"9.0.2","resolved":"https://registry.npmjs.org/wrap-ansi/-/wrap-ansi-9.0.2.tgz"},"node_modules/@puppeteer/browsers/node_modules/wrap-ansi/node_modules/string-width":{"version":"7.2.0","resolved":"https://registry.npmjs.org/string-width/-/string-width-7.2.0.tgz"},"node_modules/@puppeteer/browsers/node_modules/yargs":{"version":"18.1.0","resolved":"https://registry.npmjs.org/yargs/-/yargs-18.1.0.tgz"},"node_modules/@puppeteer/browsers/node_modules/yargs-parser":{"version":"22.0.0","resolved":"https://registry.npmjs.org/yargs-parser/-/yargs-parser-22.0.0.tgz"},"node_modules/@sentry/conventions":{"version":"0.16.0","resolved":"https://registry.npmjs.org/@sentry/conventions/-/conventions-0.16.0.tgz"},"node_modules/@sentry/core":{"version":"10.72.0","resolved":"https://registry.npmjs.org/@sentry/core/-/core-10.72.0.tgz"},"node_modules/@sentry/node":{"version":"10.72.0","resolved":"https://registry.npmjs.org/@sentry/node/-/node-10.72.0.tgz"},"node_modules/@sentry/node-core":{"version":"10.72.0","resolved":"https://registry.npmjs.org/@sentry/node-core/-/node-core-10.72.0.tgz"},"node_modules/@sentry/opentelemetry":{"version":"10.72.0","resolved":"https://registry.npmjs.org/@sentry/opentelemetry/-/opentelemetry-10.72.0.tgz"},"node_modules/@sentry/server-utils":{"version":"10.72.0","resolved":"https://registry.npmjs.org/@sentry/server-utils/-/server-utils-10.72.0.tgz"},"node_modules/@types/node":{"version":"26.4.0","resolved":"https://registry.npmjs.org/@types/node/-/node-26.4.0.tgz"},"node_modules/ansi-colors":{"version":"4.1.3","resolved":"https://registry.npmjs.org/ansi-colors/-/ansi-colors-4.1.3.tgz"},"node_modules/ansi-regex":{"version":"5.0.1","resolved":"https://registry.npmjs.org/ansi-regex/-/ansi-regex-5.0.1.tgz"},"node_modules/ansi-styles":{"version":"4.3.0","resolved":"https://registry.npmjs.org/ansi-styles/-/ansi-styles-4.3.0.tgz"},"node_modules/atomically":{"version":"2.1.1","resolved":"https://registry.npmjs.org/atomically/-/atomically-2.1.1.tgz"},"node_modules/axe-core":{"version":"4.10.3","resolved":"https://registry.npmjs.org/axe-core/-/axe-core-4.10.3.tgz"},"node_modules/chrome-launcher":{"version":"1.2.1","resolved":"https://registry.npmjs.org/chrome-launcher/-/chrome-launcher-1.2.1.tgz"},"node_modules/chromium-bidi":{"version":"17.0.2","resolved":"https://registry.npmjs.org/chromium-bidi/-/chromium-bidi-17.0.2.tgz"},"node_modules/cjs-module-lexer":{"version":"2.2.1","resolved":"https://registry.npmjs.org/cjs-module-lexer/-/cjs-module-lexer-2.2.1.tgz"},"node_modules/cliui":{"version":"8.0.1","resolved":"https://registry.npmjs.org/cliui/-/cliui-8.0.1.tgz"},"node_modules/color-convert":{"version":"2.0.1","resolved":"https://registry.npmjs.org/color-convert/-/color-convert-2.0.1.tgz"},"node_modules/color-name":{"version":"1.1.4","resolved":"https://registry.npmjs.org/color-name/-/color-name-1.1.4.tgz"},"node_modules/configstore":{"version":"7.1.0","resolved":"https://registry.npmjs.org/configstore/-/configstore-7.1.0.tgz"},"node_modules/csp_evaluator":{"version":"1.1.8","resolved":"https://registry.npmjs.org/csp_evaluator/-/csp_evaluator-1.1.8.tgz"},"node_modules/debug":{"version":"4.4.3","resolved":"https://registry.npmjs.org/debug/-/debug-4.4.3.tgz"},"node_modules/decimal.js":{"version":"10.6.0","resolved":"https://registry.npmjs.org/decimal.js/-/decimal.js-10.6.0.tgz"},"node_modules/define-lazy-prop":{"version":"2.0.0","resolved":"https://registry.npmjs.org/define-lazy-prop/-/define-lazy-prop-2.0.0.tgz"},"node_modules/devtools-protocol":{"version":"0.0.1663043","resolved":"https://registry.npmjs.org/devtools-protocol/-/devtools-protocol-0.0.1663043.tgz"},"node_modules/dot-prop":{"version":"9.0.0","resolved":"https://registry.npmjs.org/dot-prop/-/dot-prop-9.0.0.tgz"},"node_modules/emoji-regex":{"version":"8.0.0","resolved":"https://registry.npmjs.org/emoji-regex/-/emoji-regex-8.0.0.tgz"},"node_modules/enquirer":{"version":"2.4.1","resolved":"https://registry.npmjs.org/enquirer/-/enquirer-2.4.1.tgz"},"node_modules/es-module-lexer":{"version":"2.3.2","resolved":"https://registry.npmjs.org/es-module-lexer/-/es-module-lexer-2.3.2.tgz"},"node_modules/escalade":{"version":"3.2.0","resolved":"https://registry.npmjs.org/escalade/-/escalade-3.2.0.tgz"},"node_modules/escape-string-regexp":{"version":"4.0.0","resolved":"https://registry.npmjs.org/escape-string-regexp/-/escape-string-regexp-4.0.0.tgz"},"node_modules/fsevents":{"version":"2.3.2","resolved":"https://registry.npmjs.org/fsevents/-/fsevents-2.3.2.tgz","hasInstallScript":true,"optional":true,"os":["darwin"]},"node_modules/get-caller-file":{"version":"2.0.5","resolved":"https://registry.npmjs.org/get-caller-file/-/get-caller-file-2.0.5.tgz"},"node_modules/get-east-asian-width":{"version":"1.6.0","resolved":"https://registry.npmjs.org/get-east-asian-width/-/get-east-asian-width-1.6.0.tgz"},"node_modules/graceful-fs":{"version":"4.2.11","resolved":"https://registry.npmjs.org/graceful-fs/-/graceful-fs-4.2.11.tgz"},"node_modules/http-link-header":{"version":"1.1.4","resolved":"https://registry.npmjs.org/http-link-header/-/http-link-header-1.1.4.tgz"},"node_modules/image-ssim":{"version":"0.2.0","resolved":"https://registry.npmjs.org/image-ssim/-/image-ssim-0.2.0.tgz"},"node_modules/import-in-the-middle":{"version":"3.3.3","resolved":"https://registry.npmjs.org/import-in-the-middle/-/import-in-the-middle-3.3.3.tgz"},"node_modules/intl-messageformat":{"version":"10.7.18","resolved":"https://registry.npmjs.org/intl-messageformat/-/intl-messageformat-10.7.18.tgz"},"node_modules/is-docker":{"version":"2.2.1","resolved":"https://registry.npmjs.org/is-docker/-/is-docker-2.2.1.tgz"},"node_modules/is-fullwidth-code-point":{"version":"3.0.0","resolved":"https://registry.npmjs.org/is-fullwidth-code-point/-/is-fullwidth-code-point-3.0.0.tgz"},"node_modules/is-wsl":{"version":"2.2.0","resolved":"https://registry.npmjs.org/is-wsl/-/is-wsl-2.2.0.tgz"},"node_modules/jpeg-js":{"version":"0.4.4","resolved":"https://registry.npmjs.org/jpeg-js/-/jpeg-js-0.4.4.tgz"},"node_modules/js-library-detector":{"version":"6.7.0","resolved":"https://registry.npmjs.org/js-library-detector/-/js-library-detector-6.7.0.tgz"},"node_modules/legacy-javascript":{"version":"0.0.1","resolved":"https://registry.npmjs.org/legacy-javascript/-/legacy-javascript-0.0.1.tgz"},"node_modules/lighthouse":{"version":"13.4.1","resolved":"https://registry.npmjs.org/lighthouse/-/lighthouse-13.4.1.tgz"},"node_modules/lighthouse-logger":{"version":"2.0.2","resolved":"https://registry.npmjs.org/lighthouse-logger/-/lighthouse-logger-2.0.2.tgz"},"node_modules/lighthouse-stack-packs":{"version":"1.12.3","resolved":"https://registry.npmjs.org/lighthouse-stack-packs/-/lighthouse-stack-packs-1.12.3.tgz"},"node_modules/lighthouse/node_modules/axe-core":{"version":"4.13.0","resolved":"https://registry.npmjs.org/axe-core/-/axe-core-4.13.0.tgz"},"node_modules/lodash-es":{"version":"4.18.1","resolved":"https://registry.npmjs.org/lodash-es/-/lodash-es-4.18.1.tgz"},"node_modules/lookup-closest-locale":{"version":"6.2.0","resolved":"https://registry.npmjs.org/lookup-closest-locale/-/lookup-closest-locale-6.2.0.tgz"},"node_modules/marky":{"version":"1.3.0","resolved":"https://registry.npmjs.org/marky/-/marky-1.3.0.tgz"},"node_modules/mitt":{"version":"3.0.1","resolved":"https://registry.npmjs.org/mitt/-/mitt-3.0.1.tgz"},"node_modules/modern-tar":{"version":"0.8.4","resolved":"https://registry.npmjs.org/modern-tar/-/modern-tar-0.8.4.tgz"},"node_modules/module-details-from-path":{"version":"1.0.4","resolved":"https://registry.npmjs.org/module-details-from-path/-/module-details-from-path-1.0.4.tgz"},"node_modules/ms":{"version":"2.1.3","resolved":"https://registry.npmjs.org/ms/-/ms-2.1.3.tgz"},"node_modules/open":{"version":"8.4.2","resolved":"https://registry.npmjs.org/open/-/open-8.4.2.tgz"},"node_modules/playwright":{"version":"1.62.1","resolved":"https://registry.npmjs.org/playwright/-/playwright-1.62.1.tgz"},"node_modules/playwright-core":{"version":"1.62.1","resolved":"https://registry.npmjs.org/playwright-core/-/playwright-core-1.62.1.tgz"},"node_modules/puppeteer-core":{"version":"25.9.0","resolved":"https://registry.npmjs.org/puppeteer-core/-/puppeteer-core-25.9.0.tgz"},"node_modules/puppeteer-core/node_modules/devtools-protocol":{"version":"0.0.1666840","resolved":"https://registry.npmjs.org/devtools-protocol/-/devtools-protocol-0.0.1666840.tgz"},"node_modules/puppeteer-core/node_modules/ws":{"version":"8.21.3","resolved":"https://registry.npmjs.org/ws/-/ws-8.21.3.tgz"},"node_modules/require-directory":{"version":"2.1.1","resolved":"https://registry.npmjs.org/require-directory/-/require-directory-2.1.1.tgz"},"node_modules/require-in-the-middle":{"version":"8.0.1","resolved":"https://registry.npmjs.org/require-in-the-middle/-/require-in-the-middle-8.0.1.tgz"},"node_modules/robots-parser":{"version":"3.0.1","resolved":"https://registry.npmjs.org/robots-parser/-/robots-parser-3.0.1.tgz"},"node_modules/speedline-core":{"version":"1.4.3","resolved":"https://registry.npmjs.org/speedline-core/-/speedline-core-1.4.3.tgz"},"node_modules/string-width":{"version":"4.2.3","resolved":"https://registry.npmjs.org/string-width/-/string-width-4.2.3.tgz"},"node_modules/strip-ansi":{"version":"6.0.1","resolved":"https://registry.npmjs.org/strip-ansi/-/strip-ansi-6.0.1.tgz"},"node_modules/stubborn-fs":{"version":"2.0.0","resolved":"https://registry.npmjs.org/stubborn-fs/-/stubborn-fs-2.0.0.tgz"},"node_modules/stubborn-utils":{"version":"1.0.2","resolved":"https://registry.npmjs.org/stubborn-utils/-/stubborn-utils-1.0.2.tgz"},"node_modules/third-party-web":{"version":"0.29.2","resolved":"https://registry.npmjs.org/third-party-web/-/third-party-web-0.29.2.tgz"},"node_modules/tldts-core":{"version":"7.4.11","resolved":"https://registry.npmjs.org/tldts-core/-/tldts-core-7.4.11.tgz"},"node_modules/tldts-icann":{"version":"7.4.11","resolved":"https://registry.npmjs.org/tldts-icann/-/tldts-icann-7.4.11.tgz"},"node_modules/tslib":{"version":"2.8.1","resolved":"https://registry.npmjs.org/tslib/-/tslib-2.8.1.tgz"},"node_modules/type-fest":{"version":"4.41.0","resolved":"https://registry.npmjs.org/type-fest/-/type-fest-4.41.0.tgz"},"node_modules/typed-query-selector":{"version":"2.12.2","resolved":"https://registry.npmjs.org/typed-query-selector/-/typed-query-selector-2.12.2.tgz"},"node_modules/undici-types":{"version":"8.3.0","resolved":"https://registry.npmjs.org/undici-types/-/undici-types-8.3.0.tgz"},"node_modules/web-features":{"version":"3.36.0","resolved":"https://registry.npmjs.org/web-features/-/web-features-3.36.0.tgz"},"node_modules/webdriver-bidi-protocol":{"version":"0.4.2","resolved":"https://registry.npmjs.org/webdriver-bidi-protocol/-/webdriver-bidi-protocol-0.4.2.tgz"},"node_modules/when-exit":{"version":"2.1.5","resolved":"https://registry.npmjs.org/when-exit/-/when-exit-2.1.5.tgz"},"node_modules/wrap-ansi":{"version":"7.0.0","resolved":"https://registry.npmjs.org/wrap-ansi/-/wrap-ansi-7.0.0.tgz"},"node_modules/ws":{"version":"7.5.13","resolved":"https://registry.npmjs.org/ws/-/ws-7.5.13.tgz"},"node_modules/xdg-basedir":{"version":"5.1.0","resolved":"https://registry.npmjs.org/xdg-basedir/-/xdg-basedir-5.1.0.tgz"},"node_modules/y18n":{"version":"5.0.8","resolved":"https://registry.npmjs.org/y18n/-/y18n-5.0.8.tgz"},"node_modules/yargs":{"version":"17.7.3","resolved":"https://registry.npmjs.org/yargs/-/yargs-17.7.3.tgz"},"node_modules/yargs-parser":{"version":"21.1.1","resolved":"https://registry.npmjs.org/yargs-parser/-/yargs-parser-21.1.1.tgz"},"node_modules/zod":{"version":"3.25.76","resolved":"https://registry.npmjs.org/zod/-/zod-3.25.76.tgz"}}}
